Microsoft Visual Studio Solution File, Format Version 12.00
# Visual Studio Version 17
VisualStudioVersion = 17.5.2.0
MinimumVisualStudioVersion = 10.0.40219.1
Project("{FAE04EC0-301F-11D3-BF4B-00C04F79EFBC}") = "dolphin-vibe-server", "dolphin-vibe-server\dolphin-vibe-server.csproj", "{E7E4B3CA-91E8-17B9-2CE1-16BA9DCE0238}"
EndProject
Global
	GlobalSection(SolutionConfigurationPlatforms) = preSolution
		Debug|Any CPU = Debug|Any CPU
		Release|Any CPU = Release|Any CPU
	EndGlobalSection
	GlobalSection(ProjectConfigurationPlatforms) = postSolution
		{E7E4B3CA-91E8-17B9-2CE1-16BA9DCE0238}.Debug|Any CPU.ActiveCfg = Debug|Any CPU
		{E7E4B3CA-91E8-17B9-2CE1-16BA9DCE0238}.Debug|Any CPU.Build.0 = Debug|Any CPU
		{E7E4B3CA-91E8-17B9-2CE1-16BA9DCE0238}.Release|Any CPU.ActiveCfg = Release|Any CPU
		{E7E4B3CA-91E8-17B9-2CE1-16BA9DCE0238}.Release|Any CPU.Build.0 = Release|Any CPU
	EndGlobalSection
	GlobalSection(SolutionProperties) = preSolution
		HideSolutionNode = FALSE
	EndGlobalSection
	GlobalSection(ExtensibilityGlobals) = postSolution
		SolutionGuid = {9E90FDFC-D64D-4319-A435-00722BA3AED6}
	EndGlobalSection
EndGlobal
